// !$*UTF8*$!
{
	archiveVersion = 1;
	classes = {
	};
	objectVersion = 46;
	objects = {

/* Begin PBXBuildFile section */
		04425AA91D91640D004D804A /* main.m in Sources */ = {isa = PBXBuildFile; fileRef = 04425AA81D91640D004D804A /* main.m */; };
		04425AAC1D91640D004D804A /* AppDelegate.m in Sources */ = {isa = PBXBuildFile; fileRef = 04425AAB1D91640D004D804A /* AppDelegate.m */; };
		04425AAF1D91640D004D804A /* ViewController.m in Sources */ = {isa = PBXBuildFile; fileRef = 04425AAE1D91640D004D804A /* ViewController.m */; };
		04425AB21D91640D004D804A /* Main.storyboard in Resources */ = {isa = PBXBuildFile; fileRef = 04425AB01D91640D004D804A /* Main.storyboard */; };
		04425AB41D91640D004D804A /* Assets.xcassets in Resources */ = {isa = PBXBuildFile; fileRef = 04425AB31D91640D004D804A /* Assets.xcassets */; };
		04425AB71D91640D004D804A /* LaunchScreen.storyboard in Resources */ = {isa = PBXBuildFile; fileRef = 04425AB51D91640D004D804A /* LaunchScreen.storyboard */; };
/* End PBXBuildFile section */

/* Begin PBXFileReference section */
		04425AA41D91640D004D804A /* maskViewTest.app */ = {isa = PBXFileReference; explicitFileType = wrapper.application; includeInIndex = 0; path = maskViewTest.app; sourceTree = BUILT_PRODUCTS_DIR; };
		04425AA81D91640D004D804A /* main.m */ = {isa = PBXFileReference; lastKnownFileType = sourcecode.c.objc; path = main.m; sourceTree = "<group>"; };
		04425AAA1D91640D004D804A /* AppDelegate.h */ = {isa = PBXFileReference; lastKnownFileType = sourcecode.c.h; path = AppDelegate.h; sourceTree = "<group>"; };
		04425AAB1D91640D004D804A /* AppDelegate.m */ = {isa = PBXFileReference; lastKnownFileType = sourcecode.c.objc; path = AppDelegate.m; sourceTree = "<group>"; };
		04425AAD1D91640D004D804A /* ViewController.h */ = {isa = PBXFileReference; lastKnownFileType = sourcecode.c.h; path = ViewController.h; sourceTree = "<group>"; };
		04425AAE1D91640D004D804A /* ViewController.m */ = {isa = PBXFileReference; lastKnownFileType = sourcecode.c.objc; path = ViewController.m; sourceTree = "<group>"; };
		04425AB11D91640D004D804A /* Base */ = {isa = PBXFileReference; lastKnownFileType = file.storyboard; name = Base; path = Base.lproj/Main.storyboard; sourceTree = "<group>"; };
		04425AB31D91640D004D804A /* Assets.xcassets */ = {isa = PBXFileReference; lastKnownFileType = folder.assetcatalog; path = Assets.xcassets; sourceTree = "<group>"; };
		04425AB61D91640D004D804A /* Base */ = {isa = PBXFileReference; lastKnownFileType = file.storyboard; name = Base; path = Base.lproj/LaunchScreen.storyboard; sourceTree = "<group>"; };
		04425AB81D91640D004D804A /* Info.plist */ = {isa = PBXFileReference; lastKnownFileType = text.plist.xml; path = Info.plist; sourceTree = "<group>"; };
/* End PBXFileReference section */

/* Begin PBXFrameworksBuildPhase section */
		04425AA11D91640D004D804A /* Frameworks */ = {
			isa = PBXFrameworksBuildPhase;
			buildActionMask = 2147483647;
			files = (
			);
			runOnlyForDeploymentPostprocessing = 0;
		};
/* End PBXFrameworksBuildPhase section */

/* Begin PBXGroup section */
		04425A9B1D91640D004D804A = {
			isa = PBXGroup;
			children = (
				04425AA61D91640D004D804A /* maskViewTest */,
				04425AA51D91640D004D804A /* Products */,
			);
			sourceTree = "<group>";
		};
		04425AA51D91640D004D804A /* Products */ = {
			isa = PBXGroup;
			children = (
				04425AA41D91640D004D804A /* maskViewTest.app */,
			);
			name = Products;
			sourceTree = "<group>";
		};
		04425AA61D91640D004D804A /* maskViewTest */ = {
			isa = PBXGroup;
			children = (
				04425AAA1D91640D004D804A /* AppDelegate.h */,
				04425AAB1D91640D004D804A /* AppDelegate.m */,
				04425AAD1D91640D004D804A /* ViewController.h */,
				04425AAE1D91640D004D804A /* ViewController.m */,
				04425AB01D91640D004D804A /* Main.storyboard */,
				04425AB31D91640D004D804A /* Assets.xcassets */,
				04425AB51D91640D004D804A /* LaunchScreen.storyboard */,
				04425AB81D91640D004D804A /* Info.plist */,
				04425AA71D91640D004D804A /* Supporting Files */,
			);
			path = maskViewTest;
			sourceTree = "<group>";
		};
		04425AA71D91640D004D804A /* Supporting Files */ = {
			isa = PBXGroup;
			children = (
				04425AA81D91640D004D804A /* main.m */,
			);
			name = "Supporting Files";
			sourceTree = "<group>";
		};
/* End PBXGroup section */

/* Begin PBXNativeTarget section */
		04425AA31D91640D004D804A /* maskViewTest */ = {
			isa = PBXNativeTarget;
			buildConfigurationList = 04425ABB1D91640D004D804A /* Build configuration list for PBXNativeTarget "maskViewTest" */;
			buildPhases = (
				04425AA01D91640D004D804A /* Sources */,
				04425AA11D91640D004D804A /* Frameworks */,
				04425AA21D91640D004D804A /* Resources */,
			);
			buildRules = (
			);
			dependencies = (
			);
			name = maskViewTest;
			productName = maskViewTest;
			productReference = 04425AA41D91640D004D804A /* maskViewTest.app */;
			productType = "com.apple.product-type.application";
		};
/* End PBXNativeTarget section */

/* Begin PBXProject section */
		04425A9C1D91640D004D804A /* Project object */ = {
			isa = PBXProject;
			attributes = {
				LastUpgradeCheck = 0730;
				ORGANIZATIONNAME = HBNXWLKJ;
				TargetAttributes = {
					04425AA31D91640D004D804A = {
						CreatedOnToolsVersion = 7.3.1;
					};
				};
			};
			buildConfigurationList = 04425A9F1D91640D004D804A /* Build configuration list for PBXProject "maskViewTest" */;
			compatibilityVersion = "Xcode 3.2";
			developmentRegion = English;
			hasScannedForEncodings = 0;
			knownRegions = (
				en,
				Base,
			);
			mainGroup = 04425A9B1D91640D004D804A;
			productRefGroup = 04425AA51D91640D004D804A /* Products */;
			projectDirPath = "";
			projectRoot = "";
			targets = (
				04425AA31D91640D004D804A /* maskViewTest */,
			);
		};
/* End PBXProject section */

/* Begin PBXResourcesBuildPhase section */
		04425AA21D91640D004D804A /* Resources */ = {
			isa = PBXResourcesBuildPhase;
			buildActionMask = 2147483647;
			files = (
				04425AB71D91640D004D804A /* LaunchScreen.storyboard in Resources */,
				04425AB41D91640D004D804A /* Assets.xcassets in Resources */,
				04425AB21D91640D004D804A /* Main.storyboard in Resources */,
			);
			runOnlyForDeploymentPostprocessing = 0;
		};
/* End PBXResourcesBuildPhase section */

/* Begin PBXSourcesBuildPhase section */
		04425AA01D91640D004D804A /* Sources */ = {
			isa = PBXSourcesBuildPhase;
			buildActionMask = 2147483647;
			files = (
				04425AAF1D91640D004D804A /* ViewController.m in Sources */,
				04425AAC1D91640D004D804A /* AppDelegate.m in Sources */,
				04425AA91D91640D004D804A /* main.m in Sources */,
			);
			runOnlyForDeploymentPostprocessing = 0;
		};
/* End PBXSourcesBuildPhase section */

/* Begin PBXVariantGroup section */
		04425AB01D91640D004D804A /* Main.storyboard */ = {
			isa = PBXVariantGroup;
			children = (
				04425AB11D91640D004D804A /* Base */,
			);
			name = Main.storyboard;
			sourceTree = "<group>";
		};
		04425AB51D91640D004D804A /* LaunchScreen.storyboard */ = {
			isa = PBXVariantGroup;
			children = (
				04425AB61D91640D004D804A /* Base */,
			);
			name = LaunchScreen.storyboard;
			sourceTree = "<group>";
		};
/* End PBXVariantGroup section */

/* Begin XCBuildConfiguration section */
		04425AB91D91640D004D804A /* Debug */ = {
			isa = XCBuildConfiguration;
			buildSettings = {
				ALWAYS_SEARCH_USER_PATHS = NO;
				CLANG_ANALYZER_NONNULL = YES;
				CLANG_CXX_LANGUAGE_STANDARD = "gnu++0x";
				CLANG_CXX_LIBRARY = "libc++";
				CLANG_ENABLE_MODULES = YES;
				CLANG_ENABLE_OBJC_ARC = YES;
				CLANG_WARN_BOOL_CONVERSION = YES;
				CLANG_WARN_CONSTANT_CONVERSION = YES;
				CLANG_WARN_DIRECT_OBJC_ISA_USAGE = YES_ERROR;
				CLANG_WARN_EMPTY_BODY = YES;
				CLANG_WARN_ENUM_CONVERSION = YES;
				CLANG_WARN_INT_CONVERSION = YES;
				CLANG_WARN_OBJC_ROOT_CLASS = YES_ERROR;
				CLANG_WARN_UNREACHABLE_CODE = YES;
				CLANG_WARN__DUPLICATE_METHOD_MATCH = YES;
				"CODE_SIGN_IDENTITY[sdk=iphoneos*]" = "iPhone Developer";
				COPY_PHASE_STRIP = NO;
				DEBUG_INFORMATION_FORMAT = dwarf;
				ENABLE_STRICT_OBJC_MSGSEND = YES;
				ENABLE_TESTABILITY = YES;
				GCC_C_LANGUAGE_STANDARD = gnu99;
				GCC_DYNAMIC_NO_PIC = NO;
				GCC_NO_COMMON_BLOCKS = YES;
				GCC_OPTIMIZATION_LEVEL = 0;
				GCC_PREPROCESSOR_DEFINITIONS = (
					"DEBUG=1",
					"$(inherited)",
				);
				GCC_WARN_64_TO_32_BIT_CONVERSION = YES;
				GCC_WARN_ABOUT_RETURN_TYPE = YES_ERROR;
				GCC_WARN_UNDECLARED_SELECTOR = YES;
				GCC_WARN_UNINITIALIZED_AUTOS = YES_AGGRESSIVE;
				GCC_WARN_UNUSED_FUNCTION = YES;
				GCC_WARN_UNUSED_VARIABLE = YES;
				IPHONEOS_DEPLOYMENT_TARGET = 9.3;
				MTL_ENABLE_DEBUG_INFO = YES;
				ONLY_ACTIVE_ARCH = YES;
				SDKROOT = iphoneos;
			};
			name = Debug;
		};
		04425ABA1D91640D004D804A /* Release */ = {
			isa = XCBuildConfiguration;
			buildSettings = {
				ALWAYS_SEARCH_USER_PATHS = NO;
				CLANG_ANALYZER_NONNULL = YES;
				CLANG_CXX_LANGUAGE_STANDARD = "gnu++0x";
				CLANG_CXX_LIBRARY = "libc++";
				CLANG_ENABLE_MODULES = YES;
				CLANG_ENABLE_OBJC_ARC = YES;
				CLANG_WARN_BOOL_CONVERSION = YES;
				CLANG_WARN_CONSTANT_CONVERSION = YES;
				CLANG_WARN_DIRECT_OBJC_ISA_USAGE = YES_ERROR;
				CLANG_WARN_EMPTY_BODY = YES;
				CLANG_WARN_ENUM_CONVERSION = YES;
				CLANG_WARN_INT_CONVERSION = YES;
				CLANG_WARN_OBJC_ROOT_CLASS = YES_ERROR;
				CLANG_WARN_UNREACHABLE_CODE = YES;
				CLANG_WARN__DUPLICATE_METHOD_MATCH = YES;
				"CODE_SIGN_IDENTITY[sdk=iphoneos*]" = "iPhone Developer";
				COPY_PHASE_STRIP = NO;
				DEBUG_INFORMATION_FORMAT = "dwarf-with-dsym";
				ENABLE_NS_ASSERTIONS = NO;
				ENABLE_STRICT_OBJC_MSGSEND = YES;
				GCC_C_LANGUAGE_STANDARD = gnu99;
				GCC_NO_COMMON_BLOCKS = YES;
				GCC_WARN_64_TO_32_BIT_CONVERSION = YES;
				GCC_WARN_ABOUT_RETURN_TYPE = YES_ERROR;
				GCC_WARN_UNDECLARED_SELECTOR = YES;
				GCC_WARN_UNINITIALIZED_AUTOS = YES_AGGRESSIVE;
				GCC_WARN_UNUSED_FUNCTION = YES;
				GCC_WARN_UNUSED_VARIABLE = YES;
				IPHONEOS_DEPLOYMENT_TARGET = 9.3;
				MTL_ENABLE_DEBUG_INFO = NO;
				SDKROOT = iphoneos;
				VALIDATE_PRODUCT = YES;
			};
			name = Release;
		};
		04425ABC1D91640D004D804A /* Debug */ = {
			isa = XCBuildConfiguration;
			buildSettings = {
				ASSETCATALOG_COMPILER_APPICON_NAME = AppIcon;
				INFOPLIST_FILE = maskViewTest/Info.plist;
				LD_RUNPATH_SEARCH_PATHS = "$(inherited) @executable_path/Frameworks";
				PRODUCT_BUNDLE_IDENTIFIER = com.HBNXWLKJ.maskViewTest;
				PRODUCT_NAME = "$(TARGET_NAME)";
			};
			name = Debug;
		};
		04425ABD1D91640D004D804A /* Release */ = {
			isa = XCBuildConfiguration;
			buildSettings = {
				ASSETCATALOG_COMPILER_APPICON_NAME = AppIcon;
				INFOPLIST_FILE = maskViewTest/Info.plist;
				LD_RUNPATH_SEARCH_PATHS = "$(inherited) @executable_path/Frameworks";
				PRODUCT_BUNDLE_IDENTIFIER = com.HBNXWLKJ.maskViewTest;
				PRODUCT_NAME = "$(TARGET_NAME)";
			};
			name = Release;
		};
/* End XCBuildConfiguration section */

/* Begin XCConfigurationList section */
		04425A9F1D91640D004D804A /* Build configuration list for PBXProject "maskViewTest" */ = {
			isa = XCConfigurationList;
			buildConfigurations = (
				04425AB91D91640D004D804A /* Debug */,
				04425ABA1D91640D004D804A /* Release */,
			);
			defaultConfigurationIsVisible = 0;
			defaultConfigurationName = Release;
		};
		04425ABB1D91640D004D804A /* Build configuration list for PBXNativeTarget "maskViewTest" */ = {
			isa = XCConfigurationList;
			buildConfigurations = (
				04425ABC1D91640D004D804A /* Debug */,
				04425ABD1D91640D004D804A /* Release */,
			);
			defaultConfigurationIsVisible = 0;
		};
/* End XCConfigurationList section */
	};
	rootObject = 04425A9C1D91640D004D804A /* Project object */;
}
